
Microsoft Visual Studio Solution File, Format Version 12.00
# Visual Studio Version 17
VisualStudioVersion = 17.0.31919.166
MinimumVisualStudioVersion = 10.0.40219.1
Project("{FAE04EC0-301F-11D3-BF4B-00C04F79EFBC}") = "JsonApp.Android", "JsonApp.Android\JsonApp.Android.csproj", "{233F9BBF-B17F-47A0-BBBD-7244D5A27E88}"
EndProject
Project("{FAE04EC0-301F-11D3-BF4B-00C04F79EFBC}") = "JsonApp.iOS", "JsonApp.iOS\JsonApp.iOS.csproj", "{6A0BAC55-92DC-49B6-A30D-5376F6722A6D}"
EndProject
Project("{FAE04EC0-301F-11D3-BF4B-00C04F79EFBC}") = "JsonApp", "JsonApp\JsonApp.csproj", "{B54D5151-796B-4C54-B9C8-5F1B83E60832}"
EndProject
Global
	GlobalSection(SolutionConfigurationPlatforms) = preSolution
		Debug|Any CPU = Debug|Any CPU
		Debug|iPhone = Debug|iPhone
		Debug|iPhoneSimulator = Debug|iPhoneSimulator
		Release|Any CPU = Release|Any CPU
		Release|iPhone = Release|iPhone
		Release|iPhoneSimulator = Release|iPhoneSimulator
	EndGlobalSection
	GlobalSection(ProjectConfigurationPlatforms) = postSolution
		{233F9BBF-B17F-47A0-BBBD-7244D5A27E88}.Debug|Any CPU.ActiveCfg = Debug|Any CPU
		{233F9BBF-B17F-47A0-BBBD-7244D5A27E88}.Debug|Any CPU.Build.0 = Debug|Any CPU
		{233F9BBF-B17F-47A0-BBBD-7244D5A27E88}.Debug|Any CPU.Deploy.0 = Debug|Any CPU
		{233F9BBF-B17F-47A0-BBBD-7244D5A27E88}.Debug|iPhone.ActiveCfg = Debug|Any CPU
		{233F9BBF-B17F-47A0-BBBD-7244D5A27E88}.Debug|iPhone.Build.0 = Debug|Any CPU
		{233F9BBF-B17F-47A0-BBBD-7244D5A27E88}.Debug|iPhone.Deploy.0 = Debug|Any CPU
		{233F9BBF-B17F-47A0-BBBD-7244D5A27E88}.Debug|iPhoneSimulator.ActiveCfg = Debug|Any CPU
		{233F9BBF-B17F-47A0-BBBD-7244D5A27E88}.Debug|iPhoneSimulator.Build.0 = Debug|Any CPU
		{233F9BBF-B17F-47A0-BBBD-7244D5A27E88}.Debug|iPhoneSimulator.Deploy.0 = Debug|Any CPU
		{233F9BBF-B17F-47A0-BBBD-7244D5A27E88}.Release|Any CPU.ActiveCfg = Release|Any CPU
		{233F9BBF-B17F-47A0-BBBD-7244D5A27E88}.Release|Any CPU.Build.0 = Release|Any CPU
		{233F9BBF-B17F-47A0-BBBD-7244D5A27E88}.Release|Any CPU.Deploy.0 = Release|Any CPU
		{233F9BBF-B17F-47A0-BBBD-7244D5A27E88}.Release|iPhone.ActiveCfg = Release|Any CPU
		{233F9BBF-B17F-47A0-BBBD-7244D5A27E88}.Release|iPhone.Build.0 = Release|Any CPU
		{233F9BBF-B17F-47A0-BBBD-7244D5A27E88}.Release|iPhone.Deploy.0 = Release|Any CPU
		{233F9BBF-B17F-47A0-BBBD-7244D5A27E88}.Release|iPhoneSimulator.ActiveCfg = Release|Any CPU
		{233F9BBF-B17F-47A0-BBBD-7244D5A27E88}.Release|iPhoneSimulator.Build.0 = Release|Any CPU
		{233F9BBF-B17F-47A0-BBBD-7244D5A27E88}.Release|iPhoneSimulator.Deploy.0 = Release|Any CPU
		{6A0BAC55-92DC-49B6-A30D-5376F6722A6D}.Debug|Any CPU.ActiveCfg = Debug|iPhone
		{6A0BAC55-92DC-49B6-A30D-5376F6722A6D}.Debug|Any CPU.Build.0 = Debug|iPhone
		{6A0BAC55-92DC-49B6-A30D-5376F6722A6D}.Debug|Any CPU.Deploy.0 = Debug|iPhone
		{6A0BAC55-92DC-49B6-A30D-5376F6722A6D}.Debug|iPhone.ActiveCfg = Debug|iPhone
		{6A0BAC55-92DC-49B6-A30D-5376F6722A6D}.Debug|iPhone.Build.0 = Debug|iPhone
		{6A0BAC55-92DC-49B6-A30D-5376F6722A6D}.Debug|iPhone.Deploy.0 = Debug|iPhone
		{6A0BAC55-92DC-49B6-A30D-5376F6722A6D}.Debug|iPhoneSimulator.ActiveCfg = Debug|iPhoneSimulator
		{6A0BAC55-92DC-49B6-A30D-5376F6722A6D}.Debug|iPhoneSimulator.Build.0 = Debug|iPhoneSimulator
		{6A0BAC55-92DC-49B6-A30D-5376F6722A6D}.Debug|iPhoneSimulator.Deploy.0 = Debug|iPhoneSimulator
		{6A0BAC55-92DC-49B6-A30D-5376F6722A6D}.Release|Any CPU.ActiveCfg = Release|iPhoneSimulator
		{6A0BAC55-92DC-49B6-A30D-5376F6722A6D}.Release|Any CPU.Build.0 = Release|iPhoneSimulator
		{6A0BAC55-92DC-49B6-A30D-5376F6722A6D}.Release|Any CPU.Deploy.0 = Release|iPhoneSimulator
		{6A0BAC55-92DC-49B6-A30D-5376F6722A6D}.Release|iPhone.ActiveCfg = Release|iPhone
		{6A0BAC55-92DC-49B6-A30D-5376F6722A6D}.Release|iPhone.Build.0 = Release|iPhone
		{6A0BAC55-92DC-49B6-A30D-5376F6722A6D}.Release|iPhone.Deploy.0 = Release|iPhone
		{6A0BAC55-92DC-49B6-A30D-5376F6722A6D}.Release|iPhoneSimulator.ActiveCfg = Release|iPhoneSimulator
		{6A0BAC55-92DC-49B6-A30D-5376F6722A6D}.Release|iPhoneSimulator.Build.0 = Release|iPhoneSimulator
		{6A0BAC55-92DC-49B6-A30D-5376F6722A6D}.Release|iPhoneSimulator.Deploy.0 = Release|iPhoneSimulator
		{B54D5151-796B-4C54-B9C8-5F1B83E60832}.Debug|Any CPU.ActiveCfg = Debug|Any CPU
		{B54D5151-796B-4C54-B9C8-5F1B83E60832}.Debug|Any CPU.Build.0 = Debug|Any CPU
		{B54D5151-796B-4C54-B9C8-5F1B83E60832}.Debug|Any CPU.Deploy.0 = Debug|Any CPU
		{B54D5151-796B-4C54-B9C8-5F1B83E60832}.Debug|iPhone.ActiveCfg = Debug|Any CPU
		{B54D5151-796B-4C54-B9C8-5F1B83E60832}.Debug|iPhone.Build.0 = Debug|Any CPU
		{B54D5151-796B-4C54-B9C8-5F1B83E60832}.Debug|iPhone.Deploy.0 = Debug|Any CPU
		{B54D5151-796B-4C54-B9C8-5F1B83E60832}.Debug|iPhoneSimulator.ActiveCfg = Debug|Any CPU
		{B54D5151-796B-4C54-B9C8-5F1B83E60832}.Debug|iPhoneSimulator.Build.0 = Debug|Any CPU
		{B54D5151-796B-4C54-B9C8-5F1B83E60832}.Debug|iPhoneSimulator.Deploy.0 = Debug|Any CPU
		{B54D5151-796B-4C54-B9C8-5F1B83E60832}.Release|Any CPU.ActiveCfg = Release|Any CPU
		{B54D5151-796B-4C54-B9C8-5F1B83E60832}.Release|Any CPU.Build.0 = Release|Any CPU
		{B54D5151-796B-4C54-B9C8-5F1B83E60832}.Release|Any CPU.Deploy.0 = Release|Any CPU
		{B54D5151-796B-4C54-B9C8-5F1B83E60832}.Release|iPhone.ActiveCfg = Release|Any CPU
		{B54D5151-796B-4C54-B9C8-5F1B83E60832}.Release|iPhone.Build.0 = Release|Any CPU
		{B54D5151-796B-4C54-B9C8-5F1B83E60832}.Release|iPhone.Deploy.0 = Release|Any CPU
		{B54D5151-796B-4C54-B9C8-5F1B83E60832}.Release|iPhoneSimulator.ActiveCfg = Release|Any CPU
		{B54D5151-796B-4C54-B9C8-5F1B83E60832}.Release|iPhoneSimulator.Build.0 = Release|Any CPU
		{B54D5151-796B-4C54-B9C8-5F1B83E60832}.Release|iPhoneSimulator.Deploy.0 = Release|Any CPU
	EndGlobalSection
	GlobalSection(SolutionProperties) = preSolution
		HideSolutionNode = FALSE
	EndGlobalSection
	GlobalSection(ExtensibilityGlobals) = postSolution
		SolutionGuid = {3F756850-679A-4AAA-B2D3-DB321F7CD77D}
	EndGlobalSection
EndGlobal
